
Microsoft Visual Studio Solution File, Format Version 11.00
# Visual Studio 2010
Project("{FAE04EC0-301F-11D3-BF4B-00C04F79EFBC}") = "NetWebScript", "..\NetWebScript\NetWebScript.csproj", "{65F3CA6C-9075-4A3B-963A-08E1E0CBB1A2}"
EndProject
Project("{FAE04EC0-301F-11D3-BF4B-00C04F79EFBC}") = "Antlr3.Runtime", "..\Antlr3.Runtime\Antlr3.Runtime.csproj", "{CF15D0D5-BE72-4F98-B70F-229ABA1DF0E8}"
EndProject
Project("{FAE04EC0-301F-11D3-BF4B-00C04F79EFBC}") = "Jint", "..\Jint\Jint.csproj", "{DBF3AEF6-9D13-4E03-899B-561BCFDD9920}"
EndProject
Project("{FAE04EC0-301F-11D3-BF4B-00C04F79EFBC}") = "Microsoft.Samples.Debugging", "..\Microsoft.Samples.Debugging\Microsoft.Samples.Debugging.csproj", "{588FE57F-4673-4753-B6B9-D1A56A63B277}"
EndProject
Project("{FAE04EC0-301F-11D3-BF4B-00C04F79EFBC}") = "NetWebScript.Core", "..\NetWebScript.Core\NetWebScript.Core.csproj", "{A65F49C8-A32A-41FA-BBCF-16621FEEA418}"
EndProject
Project("{FAE04EC0-301F-11D3-BF4B-00C04F79EFBC}") = "NetWebScript.Metadata", "..\NetWebScript.Metadata\NetWebScript.Metadata.csproj", "{A3B9ADC0-F4C4-4EA2-852E-1D94DF20ED32}"
EndProject
Project("{FAE04EC0-301F-11D3-BF4B-00C04F79EFBC}") = "NetWebScript.CompilerCLI", "..\NetWebScript.CompilerCLI\NetWebScript.CompilerCLI.csproj", "{A131E7E5-98D1-45DD-9C07-EA63AA69F291}"
EndProject
Project("{FAE04EC0-301F-11D3-BF4B-00C04F79EFBC}") = "NetWebScript.Debug.Server", "..\NetWebScript.Debug.Server\NetWebScript.Debug.Server.csproj", "{E1A592BD-2909-4925-B02D-258D3314EAB8}"
EndProject
Project("{FAE04EC0-301F-11D3-BF4B-00C04F79EFBC}") = "NetWebScript.Debug.App", "..\NetWebScript.Debug.App\NetWebScript.Debug.App.csproj", "{221C14F9-1DE0-47E3-AC55-9DA6D548F064}"
EndProject
Project("{FAE04EC0-301F-11D3-BF4B-00C04F79EFBC}") = "NetWebScript.Debug.Engine", "..\NetWebScript.Debug.Engine\NetWebScript.Debug.Engine.csproj", "{CA40B2C8-D7D0-4AC3-94D3-B0BA5986EFBD}"
EndProject
Project("{FAE04EC0-301F-11D3-BF4B-00C04F79EFBC}") = "NetWebScript.UnitTestFramework", "..\NetWebScript.UnitTestFramework\NetWebScript.UnitTestFramework.csproj", "{C556C9CE-C34D-4785-A8F4-206C1F3ECE2B}"
EndProject
Project("{2150E333-8FDC-42A3-9474-1A3956D46DE8}") = "Solution Items", "Solution Items", "{745EB97D-4C61-4E26-A62E-1EA79F7DA728}"
	ProjectSection(SolutionItems) = preProject
		NetWebScript Online Documentation.url = NetWebScript Online Documentation.url
	EndProjectSection
EndProject
Project("{FAE04EC0-301F-11D3-BF4B-00C04F79EFBC}") = "NetWebScript.Task", "..\NetWebScript.Task\NetWebScript.Task.csproj", "{38E96A60-BCD9-4714-A660-4CAC418AF95F}"
EndProject
Project("{930C7802-8A8C-48F9-8165-68863BCCD9DD}") = "NetWebScript.Install", "NetWebScript.Install.wixproj", "{280926AA-DFFD-4344-A57A-F4002653DFD8}"
	ProjectSection(ProjectDependencies) = postProject
		{39C7EA30-68C0-4421-9AF8-C8053B3A5CEF} = {39C7EA30-68C0-4421-9AF8-C8053B3A5CEF}
		{AC84A932-5A99-43C0-AE21-B2C2F8BE6236} = {AC84A932-5A99-43C0-AE21-B2C2F8BE6236}
		{38E96A60-BCD9-4714-A660-4CAC418AF95F} = {38E96A60-BCD9-4714-A660-4CAC418AF95F}
		{65F3CA6C-9075-4A3B-963A-08E1E0CBB1A2} = {65F3CA6C-9075-4A3B-963A-08E1E0CBB1A2}
		{588FE57F-4673-4753-B6B9-D1A56A63B277} = {588FE57F-4673-4753-B6B9-D1A56A63B277}
		{E1A592BD-2909-4925-B02D-258D3314EAB8} = {E1A592BD-2909-4925-B02D-258D3314EAB8}
		{A3B9ADC0-F4C4-4EA2-852E-1D94DF20ED32} = {A3B9ADC0-F4C4-4EA2-852E-1D94DF20ED32}
		{A65F49C8-A32A-41FA-BBCF-16621FEEA418} = {A65F49C8-A32A-41FA-BBCF-16621FEEA418}
		{CA40B2C8-D7D0-4AC3-94D3-B0BA5986EFBD} = {CA40B2C8-D7D0-4AC3-94D3-B0BA5986EFBD}
		{C556C9CE-C34D-4785-A8F4-206C1F3ECE2B} = {C556C9CE-C34D-4785-A8F4-206C1F3ECE2B}
		{CF15D0D5-BE72-4F98-B70F-229ABA1DF0E8} = {CF15D0D5-BE72-4F98-B70F-229ABA1DF0E8}
		{A131E7E5-98D1-45DD-9C07-EA63AA69F291} = {A131E7E5-98D1-45DD-9C07-EA63AA69F291}
		{DBF3AEF6-9D13-4E03-899B-561BCFDD9920} = {DBF3AEF6-9D13-4E03-899B-561BCFDD9920}
		{221C14F9-1DE0-47E3-AC55-9DA6D548F064} = {221C14F9-1DE0-47E3-AC55-9DA6D548F064}
	EndProjectSection
EndProject
Project("{FAE04EC0-301F-11D3-BF4B-00C04F79EFBC}") = "NetWebScript.Debug.Launcher", "..\NetWebScript.Debug.Launcher\NetWebScript.Debug.Launcher.csproj", "{39C7EA30-68C0-4421-9AF8-C8053B3A5CEF}"
EndProject
Project("{FAE04EC0-301F-11D3-BF4B-00C04F79EFBC}") = "NetWebScript.Templates", "..\NetWebScript.Templates\NetWebScript.Templates.csproj", "{AC84A932-5A99-43C0-AE21-B2C2F8BE6236}"
EndProject
Global
	GlobalSection(TeamFoundationVersionControl) = preSolution
		SccNumberOfProjects = 16
		SccEnterpriseProvider = {4CA58AB2-18FA-4F8D-95D4-32DDF27D184C}
		SccTeamFoundationServer = https://tfs.codeplex.com/tfs/tfs26
		SccLocalPath0 = .
		SccProjectUniqueName1 = ..\\NetWebScript\\NetWebScript.csproj
		SccProjectName1 = ../NetWebScript
		SccLocalPath1 = ..\\NetWebScript
		SccProjectUniqueName2 = ..\\Antlr3.Runtime\\Antlr3.Runtime.csproj
		SccProjectName2 = ../Antlr3.Runtime
		SccLocalPath2 = ..\\Antlr3.Runtime
		SccProjectUniqueName3 = ..\\Jint\\Jint.csproj
		SccProjectName3 = ../Jint
		SccLocalPath3 = ..\\Jint
		SccProjectUniqueName4 = ..\\Microsoft.Samples.Debugging\\Microsoft.Samples.Debugging.csproj
		SccProjectName4 = ../Microsoft.Samples.Debugging
		SccLocalPath4 = ..\\Microsoft.Samples.Debugging
		SccProjectUniqueName5 = ..\\NetWebScript.Core\\NetWebScript.Core.csproj
		SccProjectName5 = ../NetWebScript.Core
		SccLocalPath5 = ..\\NetWebScript.Core
		SccProjectUniqueName6 = ..\\NetWebScript.Metadata\\NetWebScript.Metadata.csproj
		SccProjectName6 = ../NetWebScript.Metadata
		SccLocalPath6 = ..\\NetWebScript.Metadata
		SccProjectUniqueName7 = ..\\NetWebScript.CompilerCLI\\NetWebScript.CompilerCLI.csproj
		SccProjectName7 = ../NetWebScript.CompilerCLI
		SccLocalPath7 = ..\\NetWebScript.CompilerCLI
		SccProjectUniqueName8 = ..\\NetWebScript.Debug.Server\\NetWebScript.Debug.Server.csproj
		SccProjectName8 = ../NetWebScript.Debug.Server
		SccLocalPath8 = ..\\NetWebScript.Debug.Server
		SccProjectUniqueName9 = ..\\NetWebScript.Debug.App\\NetWebScript.Debug.App.csproj
		SccProjectName9 = ../NetWebScript.Debug.App
		SccLocalPath9 = ..\\NetWebScript.Debug.App
		SccProjectUniqueName10 = ..\\NetWebScript.Debug.Engine\\NetWebScript.Debug.Engine.csproj
		SccProjectName10 = ../NetWebScript.Debug.Engine
		SccLocalPath10 = ..\\NetWebScript.Debug.Engine
		SccProjectUniqueName11 = ..\\NetWebScript.UnitTestFramework\\NetWebScript.UnitTestFramework.csproj
		SccProjectName11 = ../NetWebScript.UnitTestFramework
		SccLocalPath11 = ..\\NetWebScript.UnitTestFramework
		SccProjectUniqueName12 = ..\\NetWebScript.Task\\NetWebScript.Task.csproj
		SccProjectName12 = ../NetWebScript.Task
		SccLocalPath12 = ..\\NetWebScript.Task
		SccProjectUniqueName13 = NetWebScript.Install.wixproj
		SccLocalPath13 = .
		SccProjectUniqueName14 = ..\\NetWebScript.Debug.Launcher\\NetWebScript.Debug.Launcher.csproj
		SccProjectName14 = ../NetWebScript.Debug.Launcher
		SccLocalPath14 = ..\\NetWebScript.Debug.Launcher
		SccProjectUniqueName15 = ..\\NetWebScript.Templates\\NetWebScript.Templates.csproj
		SccProjectName15 = ../NetWebScript.Templates
		SccLocalPath15 = ..\\NetWebScript.Templates
	EndGlobalSection
	GlobalSection(SolutionConfigurationPlatforms) = preSolution
		Debug|Any CPU = Debug|Any CPU
		Debug|Mixed Platforms = Debug|Mixed Platforms
		Debug|x86 = Debug|x86
		Release|Any CPU = Release|Any CPU
		Release|Mixed Platforms = Release|Mixed Platforms
		Release|x86 = Release|x86
	EndGlobalSection
	GlobalSection(ProjectConfigurationPlatforms) = postSolution
		{65F3CA6C-9075-4A3B-963A-08E1E0CBB1A2}.Debug|Any CPU.ActiveCfg = Debug|Any CPU
		{65F3CA6C-9075-4A3B-963A-08E1E0CBB1A2}.Debug|Any CPU.Build.0 = Debug|Any CPU
		{65F3CA6C-9075-4A3B-963A-08E1E0CBB1A2}.Debug|Mixed Platforms.ActiveCfg = Debug|Any CPU
		{65F3CA6C-9075-4A3B-963A-08E1E0CBB1A2}.Debug|Mixed Platforms.Build.0 = Debug|Any CPU
		{65F3CA6C-9075-4A3B-963A-08E1E0CBB1A2}.Debug|x86.ActiveCfg = Debug|Any CPU
		{65F3CA6C-9075-4A3B-963A-08E1E0CBB1A2}.Release|Any CPU.ActiveCfg = Release|Any CPU
		{65F3CA6C-9075-4A3B-963A-08E1E0CBB1A2}.Release|Any CPU.Build.0 = Release|Any CPU
		{65F3CA6C-9075-4A3B-963A-08E1E0CBB1A2}.Release|Mixed Platforms.ActiveCfg = Release|Any CPU
		{65F3CA6C-9075-4A3B-963A-08E1E0CBB1A2}.Release|Mixed Platforms.Build.0 = Release|Any CPU
		{65F3CA6C-9075-4A3B-963A-08E1E0CBB1A2}.Release|x86.ActiveCfg = Release|Any CPU
		{CF15D0D5-BE72-4F98-B70F-229ABA1DF0E8}.Debug|Any CPU.ActiveCfg = Debug|Any CPU
		{CF15D0D5-BE72-4F98-B70F-229ABA1DF0E8}.Debug|Any CPU.Build.0 = Debug|Any CPU
		{CF15D0D5-BE72-4F98-B70F-229ABA1DF0E8}.Debug|Mixed Platforms.ActiveCfg = Debug|Any CPU
		{CF15D0D5-BE72-4F98-B70F-229ABA1DF0E8}.Debug|Mixed Platforms.Build.0 = Debug|Any CPU
		{CF15D0D5-BE72-4F98-B70F-229ABA1DF0E8}.Debug|x86.ActiveCfg = Debug|Any CPU
		{CF15D0D5-BE72-4F98-B70F-229ABA1DF0E8}.Release|Any CPU.ActiveCfg = Release|Any CPU
		{CF15D0D5-BE72-4F98-B70F-229ABA1DF0E8}.Release|Any CPU.Build.0 = Release|Any CPU
		{CF15D0D5-BE72-4F98-B70F-229ABA1DF0E8}.Release|Mixed Platforms.ActiveCfg = Release|Any CPU
		{CF15D0D5-BE72-4F98-B70F-229ABA1DF0E8}.Release|Mixed Platforms.Build.0 = Release|Any CPU
		{CF15D0D5-BE72-4F98-B70F-229ABA1DF0E8}.Release|x86.ActiveCfg = Release|Any CPU
		{DBF3AEF6-9D13-4E03-899B-561BCFDD9920}.Debug|Any CPU.ActiveCfg = Debug|Any CPU
		{DBF3AEF6-9D13-4E03-899B-561BCFDD9920}.Debug|Any CPU.Build.0 = Debug|Any CPU
		{DBF3AEF6-9D13-4E03-899B-561BCFDD9920}.Debug|Mixed Platforms.ActiveCfg = Debug|Any CPU
		{DBF3AEF6-9D13-4E03-899B-561BCFDD9920}.Debug|Mixed Platforms.Build.0 = Debug|Any CPU
		{DBF3AEF6-9D13-4E03-899B-561BCFDD9920}.Debug|x86.ActiveCfg = Debug|Any CPU
		{DBF3AEF6-9D13-4E03-899B-561BCFDD9920}.Release|Any CPU.ActiveCfg = Release|Any CPU
		{DBF3AEF6-9D13-4E03-899B-561BCFDD9920}.Release|Any CPU.Build.0 = Release|Any CPU
		{DBF3AEF6-9D13-4E03-899B-561BCFDD9920}.Release|Mixed Platforms.ActiveCfg = Release|Any CPU
		{DBF3AEF6-9D13-4E03-899B-561BCFDD9920}.Release|Mixed Platforms.Build.0 = Release|Any CPU
		{DBF3AEF6-9D13-4E03-899B-561BCFDD9920}.Release|x86.ActiveCfg = Release|Any CPU
		{588FE57F-4673-4753-B6B9-D1A56A63B277}.Debug|Any CPU.ActiveCfg = Debug|Any CPU
		{588FE57F-4673-4753-B6B9-D1A56A63B277}.Debug|Any CPU.Build.0 = Debug|Any CPU
		{588FE57F-4673-4753-B6B9-D1A56A63B277}.Debug|Mixed Platforms.ActiveCfg = Debug|Any CPU
		{588FE57F-4673-4753-B6B9-D1A56A63B277}.Debug|Mixed Platforms.Build.0 = Debug|Any CPU
		{588FE57F-4673-4753-B6B9-D1A56A63B277}.Debug|x86.ActiveCfg = Debug|Any CPU
		{588FE57F-4673-4753-B6B9-D1A56A63B277}.Release|Any CPU.ActiveCfg = Release|Any CPU
		{588FE57F-4673-4753-B6B9-D1A56A63B277}.Release|Any CPU.Build.0 = Release|Any CPU
		{588FE57F-4673-4753-B6B9-D1A56A63B277}.Release|Mixed Platforms.ActiveCfg = Release|Any CPU
		{588FE57F-4673-4753-B6B9-D1A56A63B277}.Release|Mixed Platforms.Build.0 = Release|Any CPU
		{588FE57F-4673-4753-B6B9-D1A56A63B277}.Release|x86.ActiveCfg = Release|Any CPU
		{A65F49C8-A32A-41FA-BBCF-16621FEEA418}.Debug|Any CPU.ActiveCfg = Debug|Any CPU
		{A65F49C8-A32A-41FA-BBCF-16621FEEA418}.Debug|Any CPU.Build.0 = Debug|Any CPU
		{A65F49C8-A32A-41FA-BBCF-16621FEEA418}.Debug|Mixed Platforms.ActiveCfg = Debug|Any CPU
		{A65F49C8-A32A-41FA-BBCF-16621FEEA418}.Debug|Mixed Platforms.Build.0 = Debug|Any CPU
		{A65F49C8-A32A-41FA-BBCF-16621FEEA418}.Debug|x86.ActiveCfg = Debug|Any CPU
		{A65F49C8-A32A-41FA-BBCF-16621FEEA418}.Release|Any CPU.ActiveCfg = Release|Any CPU
		{A65F49C8-A32A-41FA-BBCF-16621FEEA418}.Release|Any CPU.Build.0 = Release|Any CPU
		{A65F49C8-A32A-41FA-BBCF-16621FEEA418}.Release|Mixed Platforms.ActiveCfg = Release|Any CPU
		{A65F49C8-A32A-41FA-BBCF-16621FEEA418}.Release|Mixed Platforms.Build.0 = Release|Any CPU
		{A65F49C8-A32A-41FA-BBCF-16621FEEA418}.Release|x86.ActiveCfg = Release|Any CPU
		{A3B9ADC0-F4C4-4EA2-852E-1D94DF20ED32}.Debug|Any CPU.ActiveCfg = Debug|Any CPU
		{A3B9ADC0-F4C4-4EA2-852E-1D94DF20ED32}.Debug|Any CPU.Build.0 = Debug|Any CPU
		{A3B9ADC0-F4C4-4EA2-852E-1D94DF20ED32}.Debug|Mixed Platforms.ActiveCfg = Debug|Any CPU
		{A3B9ADC0-F4C4-4EA2-852E-1D94DF20ED32}.Debug|Mixed Platforms.Build.0 = Debug|Any CPU
		{A3B9ADC0-F4C4-4EA2-852E-1D94DF20ED32}.Debug|x86.ActiveCfg = Debug|Any CPU
		{A3B9ADC0-F4C4-4EA2-852E-1D94DF20ED32}.Release|Any CPU.ActiveCfg = Release|Any CPU
		{A3B9ADC0-F4C4-4EA2-852E-1D94DF20ED32}.Release|Any CPU.Build.0 = Release|Any CPU
		{A3B9ADC0-F4C4-4EA2-852E-1D94DF20ED32}.Release|Mixed Platforms.ActiveCfg = Release|Any CPU
		{A3B9ADC0-F4C4-4EA2-852E-1D94DF20ED32}.Release|Mixed Platforms.Build.0 = Release|Any CPU
		{A3B9ADC0-F4C4-4EA2-852E-1D94DF20ED32}.Release|x86.ActiveCfg = Release|Any CPU
		{A131E7E5-98D1-45DD-9C07-EA63AA69F291}.Debug|Any CPU.ActiveCfg = Debug|x86
		{A131E7E5-98D1-45DD-9C07-EA63AA69F291}.Debug|Mixed Platforms.ActiveCfg = Debug|x86
		{A131E7E5-98D1-45DD-9C07-EA63AA69F291}.Debug|Mixed Platforms.Build.0 = Debug|x86
		{A131E7E5-98D1-45DD-9C07-EA63AA69F291}.Debug|x86.ActiveCfg = Debug|x86
		{A131E7E5-98D1-45DD-9C07-EA63AA69F291}.Debug|x86.Build.0 = Debug|x86
		{A131E7E5-98D1-45DD-9C07-EA63AA69F291}.Release|Any CPU.ActiveCfg = Release|x86
		{A131E7E5-98D1-45DD-9C07-EA63AA69F291}.Release|Mixed Platforms.ActiveCfg = Release|x86
		{A131E7E5-98D1-45DD-9C07-EA63AA69F291}.Release|Mixed Platforms.Build.0 = Release|x86
		{A131E7E5-98D1-45DD-9C07-EA63AA69F291}.Release|x86.ActiveCfg = Release|x86
		{A131E7E5-98D1-45DD-9C07-EA63AA69F291}.Release|x86.Build.0 = Release|x86
		{E1A592BD-2909-4925-B02D-258D3314EAB8}.Debug|Any CPU.ActiveCfg = Debug|Any CPU
		{E1A592BD-2909-4925-B02D-258D3314EAB8}.Debug|Any CPU.Build.0 = Debug|Any CPU
		{E1A592BD-2909-4925-B02D-258D3314EAB8}.Debug|Mixed Platforms.ActiveCfg = Debug|Any CPU
		{E1A592BD-2909-4925-B02D-258D3314EAB8}.Debug|Mixed Platforms.Build.0 = Debug|Any CPU
		{E1A592BD-2909-4925-B02D-258D3314EAB8}.Debug|x86.ActiveCfg = Debug|Any CPU
		{E1A592BD-2909-4925-B02D-258D3314EAB8}.Release|Any CPU.ActiveCfg = Release|Any CPU
		{E1A592BD-2909-4925-B02D-258D3314EAB8}.Release|Any CPU.Build.0 = Release|Any CPU
		{E1A592BD-2909-4925-B02D-258D3314EAB8}.Release|Mixed Platforms.ActiveCfg = Release|Any CPU
		{E1A592BD-2909-4925-B02D-258D3314EAB8}.Release|Mixed Platforms.Build.0 = Release|Any CPU
		{E1A592BD-2909-4925-B02D-258D3314EAB8}.Release|x86.ActiveCfg = Release|Any CPU
		{221C14F9-1DE0-47E3-AC55-9DA6D548F064}.Debug|Any CPU.ActiveCfg = Debug|Any CPU
		{221C14F9-1DE0-47E3-AC55-9DA6D548F064}.Debug|Any CPU.Build.0 = Debug|Any CPU
		{221C14F9-1DE0-47E3-AC55-9DA6D548F064}.Debug|Mixed Platforms.ActiveCfg = Debug|Any CPU
		{221C14F9-1DE0-47E3-AC55-9DA6D548F064}.Debug|Mixed Platforms.Build.0 = Debug|Any CPU
		{221C14F9-1DE0-47E3-AC55-9DA6D548F064}.Debug|x86.ActiveCfg = Debug|Any CPU
		{221C14F9-1DE0-47E3-AC55-9DA6D548F064}.Release|Any CPU.ActiveCfg = Release|Any CPU
		{221C14F9-1DE0-47E3-AC55-9DA6D548F064}.Release|Any CPU.Build.0 = Release|Any CPU
		{221C14F9-1DE0-47E3-AC55-9DA6D548F064}.Release|Mixed Platforms.ActiveCfg = Release|Any CPU
		{221C14F9-1DE0-47E3-AC55-9DA6D548F064}.Release|Mixed Platforms.Build.0 = Release|Any CPU
		{221C14F9-1DE0-47E3-AC55-9DA6D548F064}.Release|x86.ActiveCfg = Release|Any CPU
		{CA40B2C8-D7D0-4AC3-94D3-B0BA5986EFBD}.Debug|Any CPU.ActiveCfg = Debug|Any CPU
		{CA40B2C8-D7D0-4AC3-94D3-B0BA5986EFBD}.Debug|Any CPU.Build.0 = Debug|Any CPU
		{CA40B2C8-D7D0-4AC3-94D3-B0BA5986EFBD}.Debug|Mixed Platforms.ActiveCfg = Debug|Any CPU
		{CA40B2C8-D7D0-4AC3-94D3-B0BA5986EFBD}.Debug|Mixed Platforms.Build.0 = Debug|Any CPU
		{CA40B2C8-D7D0-4AC3-94D3-B0BA5986EFBD}.Debug|x86.ActiveCfg = Debug|Any CPU
		{CA40B2C8-D7D0-4AC3-94D3-B0BA5986EFBD}.Release|Any CPU.ActiveCfg = Release|Any CPU
		{CA40B2C8-D7D0-4AC3-94D3-B0BA5986EFBD}.Release|Any CPU.Build.0 = Release|Any CPU
		{CA40B2C8-D7D0-4AC3-94D3-B0BA5986EFBD}.Release|Mixed Platforms.ActiveCfg = Release|Any CPU
		{CA40B2C8-D7D0-4AC3-94D3-B0BA5986EFBD}.Release|Mixed Platforms.Build.0 = Release|Any CPU
		{CA40B2C8-D7D0-4AC3-94D3-B0BA5986EFBD}.Release|x86.ActiveCfg = Release|Any CPU
		{C556C9CE-C34D-4785-A8F4-206C1F3ECE2B}.Debug|Any CPU.ActiveCfg = Debug|Any CPU
		{C556C9CE-C34D-4785-A8F4-206C1F3ECE2B}.Debug|Any CPU.Build.0 = Debug|Any CPU
		{C556C9CE-C34D-4785-A8F4-206C1F3ECE2B}.Debug|Mixed Platforms.ActiveCfg = Debug|Any CPU
		{C556C9CE-C34D-4785-A8F4-206C1F3ECE2B}.Debug|Mixed Platforms.Build.0 = Debug|Any CPU
		{C556C9CE-C34D-4785-A8F4-206C1F3ECE2B}.Debug|x86.ActiveCfg = Debug|Any CPU
		{C556C9CE-C34D-4785-A8F4-206C1F3ECE2B}.Release|Any CPU.ActiveCfg = Release|Any CPU
		{C556C9CE-C34D-4785-A8F4-206C1F3ECE2B}.Release|Any CPU.Build.0 = Release|Any CPU
		{C556C9CE-C34D-4785-A8F4-206C1F3ECE2B}.Release|Mixed Platforms.ActiveCfg = Release|Any CPU
		{C556C9CE-C34D-4785-A8F4-206C1F3ECE2B}.Release|Mixed Platforms.Build.0 = Release|Any CPU
		{C556C9CE-C34D-4785-A8F4-206C1F3ECE2B}.Release|x86.ActiveCfg = Release|Any CPU
		{38E96A60-BCD9-4714-A660-4CAC418AF95F}.Debug|Any CPU.ActiveCfg = Debug|Any CPU
		{38E96A60-BCD9-4714-A660-4CAC418AF95F}.Debug|Any CPU.Build.0 = Debug|Any CPU
		{38E96A60-BCD9-4714-A660-4CAC418AF95F}.Debug|Mixed Platforms.ActiveCfg = Debug|Any CPU
		{38E96A60-BCD9-4714-A660-4CAC418AF95F}.Debug|Mixed Platforms.Build.0 = Debug|Any CPU
		{38E96A60-BCD9-4714-A660-4CAC418AF95F}.Debug|x86.ActiveCfg = Debug|Any CPU
		{38E96A60-BCD9-4714-A660-4CAC418AF95F}.Release|Any CPU.ActiveCfg = Release|Any CPU
		{38E96A60-BCD9-4714-A660-4CAC418AF95F}.Release|Any CPU.Build.0 = Release|Any CPU
		{38E96A60-BCD9-4714-A660-4CAC418AF95F}.Release|Mixed Platforms.ActiveCfg = Release|Any CPU
		{38E96A60-BCD9-4714-A660-4CAC418AF95F}.Release|Mixed Platforms.Build.0 = Release|Any CPU
		{38E96A60-BCD9-4714-A660-4CAC418AF95F}.Release|x86.ActiveCfg = Release|Any CPU
		{280926AA-DFFD-4344-A57A-F4002653DFD8}.Debug|Any CPU.ActiveCfg = Debug|x86
		{280926AA-DFFD-4344-A57A-F4002653DFD8}.Debug|Mixed Platforms.ActiveCfg = Debug|x86
		{280926AA-DFFD-4344-A57A-F4002653DFD8}.Debug|Mixed Platforms.Build.0 = Debug|x86
		{280926AA-DFFD-4344-A57A-F4002653DFD8}.Debug|x86.ActiveCfg = Debug|x86
		{280926AA-DFFD-4344-A57A-F4002653DFD8}.Debug|x86.Build.0 = Debug|x86
		{280926AA-DFFD-4344-A57A-F4002653DFD8}.Release|Any CPU.ActiveCfg = Release|x86
		{280926AA-DFFD-4344-A57A-F4002653DFD8}.Release|Mixed Platforms.ActiveCfg = Release|x86
		{280926AA-DFFD-4344-A57A-F4002653DFD8}.Release|Mixed Platforms.Build.0 = Release|x86
		{280926AA-DFFD-4344-A57A-F4002653DFD8}.Release|x86.ActiveCfg = Release|x86
		{280926AA-DFFD-4344-A57A-F4002653DFD8}.Release|x86.Build.0 = Release|x86
		{39C7EA30-68C0-4421-9AF8-C8053B3A5CEF}.Debug|Any CPU.ActiveCfg = Debug|Any CPU
		{39C7EA30-68C0-4421-9AF8-C8053B3A5CEF}.Debug|Any CPU.Build.0 = Debug|Any CPU
		{39C7EA30-68C0-4421-9AF8-C8053B3A5CEF}.Debug|Mixed Platforms.ActiveCfg = Debug|Any CPU
		{39C7EA30-68C0-4421-9AF8-C8053B3A5CEF}.Debug|Mixed Platforms.Build.0 = Debug|Any CPU
		{39C7EA30-68C0-4421-9AF8-C8053B3A5CEF}.Debug|x86.ActiveCfg = Debug|Any CPU
		{39C7EA30-68C0-4421-9AF8-C8053B3A5CEF}.Release|Any CPU.ActiveCfg = Release|Any CPU
		{39C7EA30-68C0-4421-9AF8-C8053B3A5CEF}.Release|Any CPU.Build.0 = Release|Any CPU
		{39C7EA30-68C0-4421-9AF8-C8053B3A5CEF}.Release|Mixed Platforms.ActiveCfg = Release|Any CPU
		{39C7EA30-68C0-4421-9AF8-C8053B3A5CEF}.Release|Mixed Platforms.Build.0 = Release|Any CPU
		{39C7EA30-68C0-4421-9AF8-C8053B3A5CEF}.Release|x86.ActiveCfg = Release|Any CPU
		{AC84A932-5A99-43C0-AE21-B2C2F8BE6236}.Debug|Any CPU.ActiveCfg = Debug|x86
		{AC84A932-5A99-43C0-AE21-B2C2F8BE6236}.Debug|Mixed Platforms.ActiveCfg = Debug|x86
		{AC84A932-5A99-43C0-AE21-B2C2F8BE6236}.Debug|Mixed Platforms.Build.0 = Debug|x86
		{AC84A932-5A99-43C0-AE21-B2C2F8BE6236}.Debug|x86.ActiveCfg = Debug|x86
		{AC84A932-5A99-43C0-AE21-B2C2F8BE6236}.Debug|x86.Build.0 = Debug|x86
		{AC84A932-5A99-43C0-AE21-B2C2F8BE6236}.Release|Any CPU.ActiveCfg = Debug|x86
		{AC84A932-5A99-43C0-AE21-B2C2F8BE6236}.Release|Mixed Platforms.ActiveCfg = Debug|x86
		{AC84A932-5A99-43C0-AE21-B2C2F8BE6236}.Release|Mixed Platforms.Build.0 = Debug|x86
		{AC84A932-5A99-43C0-AE21-B2C2F8BE6236}.Release|x86.ActiveCfg = Debug|x86
		{AC84A932-5A99-43C0-AE21-B2C2F8BE6236}.Release|x86.Build.0 = Debug|x86
	EndGlobalSection
	GlobalSection(SolutionProperties) = preSolution
		HideSolutionNode = FALSE
	EndGlobalSection
EndGlobal
